
Microsoft Visual Studio Solution File, Format Version 12.00
# Visual Studio Version 17
VisualStudioVersion = 17.5.002.0
MinimumVisualStudioVersion = 10.0.40219.1
Project("{9A19103F-16F7-4668-BE54-9A1E7A4F7556}") = "DemoMvc", "DemoMvc\DemoMvc.csproj", "{38525674-5577-4E1B-B3B2-6A795000394B}"
EndProject
Global
	GlobalSection(SolutionConfigurationPlatforms) = preSolution
		Debug|Any CPU = Debug|Any CPU
		Release|Any CPU = Release|Any CPU
	EndGlobalSection
	GlobalSection(ProjectConfigurationPlatforms) = postSolution
		{38525674-5577-4E1B-B3B2-6A795000394B}.Debug|Any CPU.ActiveCfg = Debug|Any CPU
		{38525674-5577-4E1B-B3B2-6A795000394B}.Debug|Any CPU.Build.0 = Debug|Any CPU
		{38525674-5577-4E1B-B3B2-6A795000394B}.Release|Any CPU.ActiveCfg = Release|Any CPU
		{38525674-5577-4E1B-B3B2-6A795000394B}.Release|Any CPU.Build.0 = Release|Any CPU
	EndGlobalSection
	GlobalSection(SolutionProperties) = preSolution
		HideSolutionNode = FALSE
	EndGlobalSection
	GlobalSection(ExtensibilityGlobals) = postSolution
		SolutionGuid = {3BE992B8-3F28-4946-B5D6-3D96CBAD5930}
	EndGlobalSection
EndGlobal
